
Microsoft Visual Studio Solution File, Format Version 12.00
# Visual Studio 15
VisualStudioVersion = 15.0.26228.4
MinimumVisualStudioVersion = 10.0.40219.1
Project("{FAE04EC0-301F-11D3-BF4B-00C04F79EFBC}") = "Projekt_2_Chat", "Projekt_2_Chat\Projekt_2_Chat.csproj", "{2C2E8770-F6A4-4494-9E5D-8A1038CEA55C}"
EndProject
Project("{FAE04EC0-301F-11D3-BF4B-00C04F79EFBC}") = "ClassLibrary", "ClassLibrary\ClassLibrary.csproj", "{CC5E508C-C3B2-4A4B-889F-5BFC4C663B0D}"
EndProject
Project("{FAE04EC0-301F-11D3-BF4B-00C04F79EFBC}") = "_Chat_Server", "Chat_Server\_Chat_Server.csproj", "{490EBE9D-AE96-4B74-BE82-C60CCBBC523D}"
EndProject
Project("{FAE04EC0-301F-11D3-BF4B-00C04F79EFBC}") = "_Data", "Data\_Data.csproj", "{098D9EF6-69DB-4A63-AF7B-CAC730F972BD}"
EndProject
Project("{FAE04EC0-301F-11D3-BF4B-00C04F79EFBC}") = "WPFViewsServer", "WPFViewsServer\WPFViewsServer.csproj", "{830853E7-70CE-4201-94AD-CBFB8D67A6F7}"
EndProject
Project("{FAE04EC0-301F-11D3-BF4B-00C04F79EFBC}") = "WPFViewsClient", "WPFView\WPFViewsClient.csproj", "{A37C88A9-4443-4634-AB9D-91F8A30A8A3E}"
EndProject
Project("{FAE04EC0-301F-11D3-BF4B-00C04F79EFBC}") = "ChatController", "ChatController\ChatController.csproj", "{34C9AAEE-162E-4FEF-98E7-C6702AB5EF7A}"
EndProject
Project("{FAE04EC0-301F-11D3-BF4B-00C04F79EFBC}") = "ChatModell", "ChatModell\ChatModell.csproj", "{037D69DB-3F51-471F-A2C6-A571CF44B1C3}"
EndProject
Global
	GlobalSection(SolutionConfigurationPlatforms) = preSolution
		Debug|Any CPU = Debug|Any CPU
		Release|Any CPU = Release|Any CPU
	EndGlobalSection
	GlobalSection(ProjectConfigurationPlatforms) = postSolution
		{2C2E8770-F6A4-4494-9E5D-8A1038CEA55C}.Debug|Any CPU.ActiveCfg = Debug|Any CPU
		{2C2E8770-F6A4-4494-9E5D-8A1038CEA55C}.Debug|Any CPU.Build.0 = Debug|Any CPU
		{2C2E8770-F6A4-4494-9E5D-8A1038CEA55C}.Release|Any CPU.ActiveCfg = Release|Any CPU
		{2C2E8770-F6A4-4494-9E5D-8A1038CEA55C}.Release|Any CPU.Build.0 = Release|Any CPU
		{CC5E508C-C3B2-4A4B-889F-5BFC4C663B0D}.Debug|Any CPU.ActiveCfg = Debug|Any CPU
		{CC5E508C-C3B2-4A4B-889F-5BFC4C663B0D}.Debug|Any CPU.Build.0 = Debug|Any CPU
		{CC5E508C-C3B2-4A4B-889F-5BFC4C663B0D}.Release|Any CPU.ActiveCfg = Release|Any CPU
		{CC5E508C-C3B2-4A4B-889F-5BFC4C663B0D}.Release|Any CPU.Build.0 = Release|Any CPU
		{490EBE9D-AE96-4B74-BE82-C60CCBBC523D}.Debug|Any CPU.ActiveCfg = Debug|Any CPU
		{490EBE9D-AE96-4B74-BE82-C60CCBBC523D}.Debug|Any CPU.Build.0 = Debug|Any CPU
		{490EBE9D-AE96-4B74-BE82-C60CCBBC523D}.Release|Any CPU.ActiveCfg = Release|Any CPU
		{490EBE9D-AE96-4B74-BE82-C60CCBBC523D}.Release|Any CPU.Build.0 = Release|Any CPU
		{098D9EF6-69DB-4A63-AF7B-CAC730F972BD}.Debug|Any CPU.ActiveCfg = Debug|Any CPU
		{098D9EF6-69DB-4A63-AF7B-CAC730F972BD}.Debug|Any CPU.Build.0 = Debug|Any CPU
		{098D9EF6-69DB-4A63-AF7B-CAC730F972BD}.Release|Any CPU.ActiveCfg = Release|Any CPU
		{098D9EF6-69DB-4A63-AF7B-CAC730F972BD}.Release|Any CPU.Build.0 = Release|Any CPU
		{830853E7-70CE-4201-94AD-CBFB8D67A6F7}.Debug|Any CPU.ActiveCfg = Debug|Any CPU
		{830853E7-70CE-4201-94AD-CBFB8D67A6F7}.Debug|Any CPU.Build.0 = Debug|Any CPU
		{830853E7-70CE-4201-94AD-CBFB8D67A6F7}.Release|Any CPU.ActiveCfg = Release|Any CPU
		{830853E7-70CE-4201-94AD-CBFB8D67A6F7}.Release|Any CPU.Build.0 = Release|Any CPU
		{A37C88A9-4443-4634-AB9D-91F8A30A8A3E}.Debug|Any CPU.ActiveCfg = Debug|Any CPU
		{A37C88A9-4443-4634-AB9D-91F8A30A8A3E}.Debug|Any CPU.Build.0 = Debug|Any CPU
		{A37C88A9-4443-4634-AB9D-91F8A30A8A3E}.Release|Any CPU.ActiveCfg = Release|Any CPU
		{A37C88A9-4443-4634-AB9D-91F8A30A8A3E}.Release|Any CPU.Build.0 = Release|Any CPU
		{34C9AAEE-162E-4FEF-98E7-C6702AB5EF7A}.Debug|Any CPU.ActiveCfg = Debug|Any CPU
		{34C9AAEE-162E-4FEF-98E7-C6702AB5EF7A}.Debug|Any CPU.Build.0 = Debug|Any CPU
		{34C9AAEE-162E-4FEF-98E7-C6702AB5EF7A}.Release|Any CPU.ActiveCfg = Release|Any CPU
		{34C9AAEE-162E-4FEF-98E7-C6702AB5EF7A}.Release|Any CPU.Build.0 = Release|Any CPU
		{037D69DB-3F51-471F-A2C6-A571CF44B1C3}.Debug|Any CPU.ActiveCfg = Debug|Any CPU
		{037D69DB-3F51-471F-A2C6-A571CF44B1C3}.Debug|Any CPU.Build.0 = Debug|Any CPU
		{037D69DB-3F51-471F-A2C6-A571CF44B1C3}.Release|Any CPU.ActiveCfg = Release|Any CPU
		{037D69DB-3F51-471F-A2C6-A571CF44B1C3}.Release|Any CPU.Build.0 = Release|Any CPU
	EndGlobalSection
	GlobalSection(SolutionProperties) = preSolution
		HideSolutionNode = FALSE
	EndGlobalSection
EndGlobal
